
Microsoft Visual Studio Solution File, Format Version 12.00
# Visual Studio Version 17
VisualStudioVersion = 17.9.34723.18
MinimumVisualStudioVersion = 10.0.40219.1
Project("{FAE04EC0-301F-11D3-BF4B-00C04F79EFBC}") = "Consola", "Consola\Consola.csproj", "{C6F42C11-2E70-40F3-A640-45AB9D1E8703}"
EndProject
Global
	GlobalSection(SolutionConfigurationPlatforms) = preSolution
		Debug|Any CPU = Debug|Any CPU
		Release|Any CPU = Release|Any CPU
	EndGlobalSection
	GlobalSection(ProjectConfigurationPlatforms) = postSolution
		{C6F42C11-2E70-40F3-A640-45AB9D1E8703}.Debug|Any CPU.ActiveCfg = Debug|Any CPU
		{C6F42C11-2E70-40F3-A640-45AB9D1E8703}.Debug|Any CPU.Build.0 = Debug|Any CPU
		{C6F42C11-2E70-40F3-A640-45AB9D1E8703}.Release|Any CPU.ActiveCfg = Release|Any CPU
		{C6F42C11-2E70-40F3-A640-45AB9D1E8703}.Release|Any CPU.Build.0 = Release|Any CPU
	EndGlobalSection
	GlobalSection(SolutionProperties) = preSolution
		HideSolutionNode = FALSE
	EndGlobalSection
	GlobalSection(ExtensibilityGlobals) = postSolution
		SolutionGuid = {EFB808E6-0D8B-4110-81B0-BEF936D40B70}
	EndGlobalSection
EndGlobal
